
Microsoft Visual Studio Solution File, Format Version 12.00
# Visual Studio Version 16
VisualStudioVersion = 16.0.29102.190
MinimumVisualStudioVersion = 10.0.40219.1
Project("{F184B08F-C81C-45F6-A57F-5ABD9991F28F}") = "PPLMapTools", "PPLMapTools\PPLMapTools.vbproj", "{7CB57499-0ED6-48B2-A2C9-101ACCB327F8}"
EndProject
Project("{FAE04EC0-301F-11D3-BF4B-00C04F79EFBC}") = "Workspace_band_Csharp", "Workspace_band_Csharp\Workspace_band_Csharp.csproj", "{A460CB2D-2E00-4A98-A248-57991E1558C6}"
EndProject
Project("{FAE04EC0-301F-11D3-BF4B-00C04F79EFBC}") = "Object_Data_Csharp", "Object_Data_Csharp\Object_Data_Csharp.csproj", "{DDB55A48-0DF2-41F5-B7D2-2C388CC42C29}"
EndProject
Project("{F184B08F-C81C-45F6-A57F-5ABD9991F28F}") = "Platt_generator", "Platt_generator\Platt_generator.vbproj", "{6F22D5F7-6DE0-43BB-AA15-711F10453834}"
EndProject
Project("{F184B08F-C81C-45F6-A57F-5ABD9991F28F}") = "Alignment_bands", "Alignment_bands\Alignment_bands.vbproj", "{D5B05765-014B-435B-8F77-460B7584E54E}"
EndProject
Project("{FAE04EC0-301F-11D3-BF4B-00C04F79EFBC}") = "SuperLayerManager", "SuperLayerManager\SuperLayerManager.csproj", "{08598A22-64EC-4986-8BF2-5286C8658973}"
EndProject
Project("{FAE04EC0-301F-11D3-BF4B-00C04F79EFBC}") = "Dimensioning", "Dimensioning\Dimensioning.csproj", "{E08AC243-1EF7-4315-9C6C-F2FDA6948E42}"
EndProject
Project("{FAE04EC0-301F-11D3-BF4B-00C04F79EFBC}") = "MMGeoTools", "GeoManager\GeoManager\MMGeoTools.csproj", "{3BBE3369-1802-43E6-8C91-71D11B2C259B}"
EndProject
Project("{FAE04EC0-301F-11D3-BF4B-00C04F79EFBC}") = "PGen", "Upstream_align\PGen.csproj", "{597CE4FD-648D-46F6-9314-7D02D7BCC4D9}"
EndProject
Project("{FAE04EC0-301F-11D3-BF4B-00C04F79EFBC}") = "WGEN", "WGEN\WGEN.csproj", "{58C15EAB-4A02-4BDD-8E7B-E30511872770}"
EndProject
Project("{FAE04EC0-301F-11D3-BF4B-00C04F79EFBC}") = "LGEN", "LGEN\LGEN.csproj", "{D5D1A01F-0395-4E88-8256-F190D99889F8}"
EndProject
Project("{FAE04EC0-301F-11D3-BF4B-00C04F79EFBC}") = "Agen", "CAgen\CAgen\Agen.csproj", "{C411EF93-FC74-422F-8613-CD8BA143AB44}"
EndProject
Project("{FAE04EC0-301F-11D3-BF4B-00C04F79EFBC}") = "HDD", "HDD\HDD.csproj", "{5B45DDFD-243D-499F-B8CE-0597EFCDF74A}"
EndProject
Project("{FAE04EC0-301F-11D3-BF4B-00C04F79EFBC}") = "Scan_Tools", "Scan_Tools\Scan_Tools.csproj", "{C290EF4F-96D7-4753-B4F5-394D9C97063C}"
EndProject
Project("{FAE04EC0-301F-11D3-BF4B-00C04F79EFBC}") = "Global_functions", "Global_functions\Global_functions.csproj", "{DCDEC91F-5ACC-4CD1-B40E-0585957390E3}"
EndProject
Project("{FAE04EC0-301F-11D3-BF4B-00C04F79EFBC}") = "DivBerm", "DivBerm\DivBerm.csproj", "{9C2AFC47-3C2B-410B-9FC0-576F1E1785AB}"
EndProject
Project("{FAE04EC0-301F-11D3-BF4B-00C04F79EFBC}") = "Field_Notes", "Field_Notes\Field_Notes\Field_Notes.csproj", "{83815C06-2EF2-4658-A008-98B0623FF28F}"
EndProject
Project("{FAE04EC0-301F-11D3-BF4B-00C04F79EFBC}") = "Weld_Sheet_Generator", "Weld_Sheet_Generator\Weld_Sheet_Generator.csproj", "{9C519C3F-3856-4CF5-B044-E911E519346D}"
EndProject
Project("{FAE04EC0-301F-11D3-BF4B-00C04F79EFBC}") = "Bump", "Bump\Bump\Bump.csproj", "{C67756A0-9B51-47B7-AA38-857EC1A37C2D}"
EndProject
Project("{F184B08F-C81C-45F6-A57F-5ABD9991F28F}") = "HMM_PIPELINES", "..\HMM_Pipelines\HMM_PIPELINES\HMM_PIPELINES.vbproj", "{A0A22F86-74A5-416B-81F0-6976732BF547}"
EndProject
Global
	GlobalSection(SolutionConfigurationPlatforms) = preSolution
		Debug|Any CPU = Debug|Any CPU
		Debug|Mixed Platforms = Debug|Mixed Platforms
		Debug|x86 = Debug|x86
		Release|Any CPU = Release|Any CPU
		Release|Mixed Platforms = Release|Mixed Platforms
		Release|x86 = Release|x86
	EndGlobalSection
	GlobalSection(ProjectConfigurationPlatforms) = postSolution
		{7CB57499-0ED6-48B2-A2C9-101ACCB327F8}.Debug|Any CPU.ActiveCfg = Debug|Any CPU
		{7CB57499-0ED6-48B2-A2C9-101ACCB327F8}.Debug|Any CPU.Build.0 = Debug|Any CPU
		{7CB57499-0ED6-48B2-A2C9-101ACCB327F8}.Debug|Mixed Platforms.ActiveCfg = Debug|Any CPU
		{7CB57499-0ED6-48B2-A2C9-101ACCB327F8}.Debug|Mixed Platforms.Build.0 = Debug|Any CPU
		{7CB57499-0ED6-48B2-A2C9-101ACCB327F8}.Debug|x86.ActiveCfg = Debug|Any CPU
		{7CB57499-0ED6-48B2-A2C9-101ACCB327F8}.Release|Any CPU.ActiveCfg = Release|Any CPU
		{7CB57499-0ED6-48B2-A2C9-101ACCB327F8}.Release|Any CPU.Build.0 = Release|Any CPU
		{7CB57499-0ED6-48B2-A2C9-101ACCB327F8}.Release|Mixed Platforms.ActiveCfg = Release|Any CPU
		{7CB57499-0ED6-48B2-A2C9-101ACCB327F8}.Release|Mixed Platforms.Build.0 = Release|Any CPU
		{7CB57499-0ED6-48B2-A2C9-101ACCB327F8}.Release|x86.ActiveCfg = Release|Any CPU
		{A460CB2D-2E00-4A98-A248-57991E1558C6}.Debug|Any CPU.ActiveCfg = Debug|Any CPU
		{A460CB2D-2E00-4A98-A248-57991E1558C6}.Debug|Any CPU.Build.0 = Debug|Any CPU
		{A460CB2D-2E00-4A98-A248-57991E1558C6}.Debug|Mixed Platforms.ActiveCfg = Debug|Any CPU
		{A460CB2D-2E00-4A98-A248-57991E1558C6}.Debug|Mixed Platforms.Build.0 = Debug|Any CPU
		{A460CB2D-2E00-4A98-A248-57991E1558C6}.Debug|x86.ActiveCfg = Debug|Any CPU
		{A460CB2D-2E00-4A98-A248-57991E1558C6}.Release|Any CPU.ActiveCfg = Release|Any CPU
		{A460CB2D-2E00-4A98-A248-57991E1558C6}.Release|Any CPU.Build.0 = Release|Any CPU
		{A460CB2D-2E00-4A98-A248-57991E1558C6}.Release|Mixed Platforms.ActiveCfg = Release|Any CPU
		{A460CB2D-2E00-4A98-A248-57991E1558C6}.Release|Mixed Platforms.Build.0 = Release|Any CPU
		{A460CB2D-2E00-4A98-A248-57991E1558C6}.Release|x86.ActiveCfg = Release|Any CPU
		{DDB55A48-0DF2-41F5-B7D2-2C388CC42C29}.Debug|Any CPU.ActiveCfg = Debug|Any CPU
		{DDB55A48-0DF2-41F5-B7D2-2C388CC42C29}.Debug|Any CPU.Build.0 = Debug|Any CPU
		{DDB55A48-0DF2-41F5-B7D2-2C388CC42C29}.Debug|Mixed Platforms.ActiveCfg = Debug|Any CPU
		{DDB55A48-0DF2-41F5-B7D2-2C388CC42C29}.Debug|Mixed Platforms.Build.0 = Debug|Any CPU
		{DDB55A48-0DF2-41F5-B7D2-2C388CC42C29}.Debug|x86.ActiveCfg = Debug|Any CPU
		{DDB55A48-0DF2-41F5-B7D2-2C388CC42C29}.Release|Any CPU.ActiveCfg = Release|Any CPU
		{DDB55A48-0DF2-41F5-B7D2-2C388CC42C29}.Release|Any CPU.Build.0 = Release|Any CPU
		{DDB55A48-0DF2-41F5-B7D2-2C388CC42C29}.Release|Mixed Platforms.ActiveCfg = Release|Any CPU
		{DDB55A48-0DF2-41F5-B7D2-2C388CC42C29}.Release|Mixed Platforms.Build.0 = Release|Any CPU
		{DDB55A48-0DF2-41F5-B7D2-2C388CC42C29}.Release|x86.ActiveCfg = Release|Any CPU
		{6F22D5F7-6DE0-43BB-AA15-711F10453834}.Debug|Any CPU.ActiveCfg = Debug|Any CPU
		{6F22D5F7-6DE0-43BB-AA15-711F10453834}.Debug|Any CPU.Build.0 = Debug|Any CPU
		{6F22D5F7-6DE0-43BB-AA15-711F10453834}.Debug|Mixed Platforms.ActiveCfg = Debug|Any CPU
		{6F22D5F7-6DE0-43BB-AA15-711F10453834}.Debug|Mixed Platforms.Build.0 = Debug|Any CPU
		{6F22D5F7-6DE0-43BB-AA15-711F10453834}.Debug|x86.ActiveCfg = Debug|Any CPU
		{6F22D5F7-6DE0-43BB-AA15-711F10453834}.Release|Any CPU.ActiveCfg = Release|Any CPU
		{6F22D5F7-6DE0-43BB-AA15-711F10453834}.Release|Any CPU.Build.0 = Release|Any CPU
		{6F22D5F7-6DE0-43BB-AA15-711F10453834}.Release|Mixed Platforms.ActiveCfg = Release|Any CPU
		{6F22D5F7-6DE0-43BB-AA15-711F10453834}.Release|Mixed Platforms.Build.0 = Release|Any CPU
		{6F22D5F7-6DE0-43BB-AA15-711F10453834}.Release|x86.ActiveCfg = Release|Any CPU
		{D5B05765-014B-435B-8F77-460B7584E54E}.Debug|Any CPU.ActiveCfg = Debug|Any CPU
		{D5B05765-014B-435B-8F77-460B7584E54E}.Debug|Any CPU.Build.0 = Debug|Any CPU
		{D5B05765-014B-435B-8F77-460B7584E54E}.Debug|Mixed Platforms.ActiveCfg = Debug|Any CPU
		{D5B05765-014B-435B-8F77-460B7584E54E}.Debug|Mixed Platforms.Build.0 = Debug|Any CPU
		{D5B05765-014B-435B-8F77-460B7584E54E}.Debug|x86.ActiveCfg = Debug|Any CPU
		{D5B05765-014B-435B-8F77-460B7584E54E}.Release|Any CPU.ActiveCfg = Release|Any CPU
		{D5B05765-014B-435B-8F77-460B7584E54E}.Release|Any CPU.Build.0 = Release|Any CPU
		{D5B05765-014B-435B-8F77-460B7584E54E}.Release|Mixed Platforms.ActiveCfg = Release|Any CPU
		{D5B05765-014B-435B-8F77-460B7584E54E}.Release|Mixed Platforms.Build.0 = Release|Any CPU
		{D5B05765-014B-435B-8F77-460B7584E54E}.Release|x86.ActiveCfg = Release|Any CPU
		{08598A22-64EC-4986-8BF2-5286C8658973}.Debug|Any CPU.ActiveCfg = Debug|Any CPU
		{08598A22-64EC-4986-8BF2-5286C8658973}.Debug|Any CPU.Build.0 = Debug|Any CPU
		{08598A22-64EC-4986-8BF2-5286C8658973}.Debug|Mixed Platforms.ActiveCfg = Debug|Any CPU
		{08598A22-64EC-4986-8BF2-5286C8658973}.Debug|Mixed Platforms.Build.0 = Debug|Any CPU
		{08598A22-64EC-4986-8BF2-5286C8658973}.Debug|x86.ActiveCfg = Debug|Any CPU
		{08598A22-64EC-4986-8BF2-5286C8658973}.Release|Any CPU.ActiveCfg = Release|Any CPU
		{08598A22-64EC-4986-8BF2-5286C8658973}.Release|Any CPU.Build.0 = Release|Any CPU
		{08598A22-64EC-4986-8BF2-5286C8658973}.Release|Mixed Platforms.ActiveCfg = Release|Any CPU
		{08598A22-64EC-4986-8BF2-5286C8658973}.Release|Mixed Platforms.Build.0 = Release|Any CPU
		{08598A22-64EC-4986-8BF2-5286C8658973}.Release|x86.ActiveCfg = Release|Any CPU
		{E08AC243-1EF7-4315-9C6C-F2FDA6948E42}.Debug|Any CPU.ActiveCfg = Debug|Any CPU
		{E08AC243-1EF7-4315-9C6C-F2FDA6948E42}.Debug|Any CPU.Build.0 = Debug|Any CPU
		{E08AC243-1EF7-4315-9C6C-F2FDA6948E42}.Debug|Mixed Platforms.ActiveCfg = Debug|Any CPU
		{E08AC243-1EF7-4315-9C6C-F2FDA6948E42}.Debug|Mixed Platforms.Build.0 = Debug|Any CPU
		{E08AC243-1EF7-4315-9C6C-F2FDA6948E42}.Debug|x86.ActiveCfg = Debug|Any CPU
		{E08AC243-1EF7-4315-9C6C-F2FDA6948E42}.Release|Any CPU.ActiveCfg = Release|Any CPU
		{E08AC243-1EF7-4315-9C6C-F2FDA6948E42}.Release|Any CPU.Build.0 = Release|Any CPU
		{E08AC243-1EF7-4315-9C6C-F2FDA6948E42}.Release|Mixed Platforms.ActiveCfg = Release|Any CPU
		{E08AC243-1EF7-4315-9C6C-F2FDA6948E42}.Release|Mixed Platforms.Build.0 = Release|Any CPU
		{E08AC243-1EF7-4315-9C6C-F2FDA6948E42}.Release|x86.ActiveCfg = Release|Any CPU
		{3BBE3369-1802-43E6-8C91-71D11B2C259B}.Debug|Any CPU.ActiveCfg = Debug|Any CPU
		{3BBE3369-1802-43E6-8C91-71D11B2C259B}.Debug|Any CPU.Build.0 = Debug|Any CPU
		{3BBE3369-1802-43E6-8C91-71D11B2C259B}.Debug|Mixed Platforms.ActiveCfg = Debug|Any CPU
		{3BBE3369-1802-43E6-8C91-71D11B2C259B}.Debug|Mixed Platforms.Build.0 = Debug|Any CPU
		{3BBE3369-1802-43E6-8C91-71D11B2C259B}.Debug|x86.ActiveCfg = Debug|Any CPU
		{3BBE3369-1802-43E6-8C91-71D11B2C259B}.Release|Any CPU.ActiveCfg = Release|Any CPU
		{3BBE3369-1802-43E6-8C91-71D11B2C259B}.Release|Any CPU.Build.0 = Release|Any CPU
		{3BBE3369-1802-43E6-8C91-71D11B2C259B}.Release|Mixed Platforms.ActiveCfg = Release|Any CPU
		{3BBE3369-1802-43E6-8C91-71D11B2C259B}.Release|Mixed Platforms.Build.0 = Release|Any CPU
		{3BBE3369-1802-43E6-8C91-71D11B2C259B}.Release|x86.ActiveCfg = Release|Any CPU
		{597CE4FD-648D-46F6-9314-7D02D7BCC4D9}.Debug|Any CPU.ActiveCfg = Debug|Any CPU
		{597CE4FD-648D-46F6-9314-7D02D7BCC4D9}.Debug|Any CPU.Build.0 = Debug|Any CPU
		{597CE4FD-648D-46F6-9314-7D02D7BCC4D9}.Debug|Mixed Platforms.ActiveCfg = Debug|Any CPU
		{597CE4FD-648D-46F6-9314-7D02D7BCC4D9}.Debug|Mixed Platforms.Build.0 = Debug|Any CPU
		{597CE4FD-648D-46F6-9314-7D02D7BCC4D9}.Debug|x86.ActiveCfg = Debug|Any CPU
		{597CE4FD-648D-46F6-9314-7D02D7BCC4D9}.Release|Any CPU.ActiveCfg = Release|Any CPU
		{597CE4FD-648D-46F6-9314-7D02D7BCC4D9}.Release|Any CPU.Build.0 = Release|Any CPU
		{597CE4FD-648D-46F6-9314-7D02D7BCC4D9}.Release|Mixed Platforms.ActiveCfg = Release|Any CPU
		{597CE4FD-648D-46F6-9314-7D02D7BCC4D9}.Release|Mixed Platforms.Build.0 = Release|Any CPU
		{597CE4FD-648D-46F6-9314-7D02D7BCC4D9}.Release|x86.ActiveCfg = Release|Any CPU
		{58C15EAB-4A02-4BDD-8E7B-E30511872770}.Debug|Any CPU.ActiveCfg = Debug|Any CPU
		{58C15EAB-4A02-4BDD-8E7B-E30511872770}.Debug|Any CPU.Build.0 = Debug|Any CPU
		{58C15EAB-4A02-4BDD-8E7B-E30511872770}.Debug|Mixed Platforms.ActiveCfg = Debug|Any CPU
		{58C15EAB-4A02-4BDD-8E7B-E30511872770}.Debug|Mixed Platforms.Build.0 = Debug|Any CPU
		{58C15EAB-4A02-4BDD-8E7B-E30511872770}.Debug|x86.ActiveCfg = Debug|Any CPU
		{58C15EAB-4A02-4BDD-8E7B-E30511872770}.Debug|x86.Build.0 = Debug|Any CPU
		{58C15EAB-4A02-4BDD-8E7B-E30511872770}.Release|Any CPU.ActiveCfg = Release|Any CPU
		{58C15EAB-4A02-4BDD-8E7B-E30511872770}.Release|Any CPU.Build.0 = Release|Any CPU
		{58C15EAB-4A02-4BDD-8E7B-E30511872770}.Release|Mixed Platforms.ActiveCfg = Release|Any CPU
		{58C15EAB-4A02-4BDD-8E7B-E30511872770}.Release|Mixed Platforms.Build.0 = Release|Any CPU
		{58C15EAB-4A02-4BDD-8E7B-E30511872770}.Release|x86.ActiveCfg = Release|Any CPU
		{58C15EAB-4A02-4BDD-8E7B-E30511872770}.Release|x86.Build.0 = Release|Any CPU
		{D5D1A01F-0395-4E88-8256-F190D99889F8}.Debug|Any CPU.ActiveCfg = Debug|Any CPU
		{D5D1A01F-0395-4E88-8256-F190D99889F8}.Debug|Any CPU.Build.0 = Debug|Any CPU
		{D5D1A01F-0395-4E88-8256-F190D99889F8}.Debug|Mixed Platforms.ActiveCfg = Debug|Any CPU
		{D5D1A01F-0395-4E88-8256-F190D99889F8}.Debug|Mixed Platforms.Build.0 = Debug|Any CPU
		{D5D1A01F-0395-4E88-8256-F190D99889F8}.Debug|x86.ActiveCfg = Debug|Any CPU
		{D5D1A01F-0395-4E88-8256-F190D99889F8}.Debug|x86.Build.0 = Debug|Any CPU
		{D5D1A01F-0395-4E88-8256-F190D99889F8}.Release|Any CPU.ActiveCfg = Release|Any CPU
		{D5D1A01F-0395-4E88-8256-F190D99889F8}.Release|Any CPU.Build.0 = Release|Any CPU
		{D5D1A01F-0395-4E88-8256-F190D99889F8}.Release|Mixed Platforms.ActiveCfg = Release|Any CPU
		{D5D1A01F-0395-4E88-8256-F190D99889F8}.Release|Mixed Platforms.Build.0 = Release|Any CPU
		{D5D1A01F-0395-4E88-8256-F190D99889F8}.Release|x86.ActiveCfg = Release|Any CPU
		{D5D1A01F-0395-4E88-8256-F190D99889F8}.Release|x86.Build.0 = Release|Any CPU
		{C411EF93-FC74-422F-8613-CD8BA143AB44}.Debug|Any CPU.ActiveCfg = Debug|Any CPU
		{C411EF93-FC74-422F-8613-CD8BA143AB44}.Debug|Any CPU.Build.0 = Debug|Any CPU
		{C411EF93-FC74-422F-8613-CD8BA143AB44}.Debug|Mixed Platforms.ActiveCfg = Debug|Any CPU
		{C411EF93-FC74-422F-8613-CD8BA143AB44}.Debug|Mixed Platforms.Build.0 = Debug|Any CPU
		{C411EF93-FC74-422F-8613-CD8BA143AB44}.Debug|x86.ActiveCfg = Debug|Any CPU
		{C411EF93-FC74-422F-8613-CD8BA143AB44}.Debug|x86.Build.0 = Debug|Any CPU
		{C411EF93-FC74-422F-8613-CD8BA143AB44}.Release|Any CPU.ActiveCfg = Release|Any CPU
		{C411EF93-FC74-422F-8613-CD8BA143AB44}.Release|Any CPU.Build.0 = Release|Any CPU
		{C411EF93-FC74-422F-8613-CD8BA143AB44}.Release|Mixed Platforms.ActiveCfg = Release|Any CPU
		{C411EF93-FC74-422F-8613-CD8BA143AB44}.Release|Mixed Platforms.Build.0 = Release|Any CPU
		{C411EF93-FC74-422F-8613-CD8BA143AB44}.Release|x86.ActiveCfg = Release|Any CPU
		{C411EF93-FC74-422F-8613-CD8BA143AB44}.Release|x86.Build.0 = Release|Any CPU
		{5B45DDFD-243D-499F-B8CE-0597EFCDF74A}.Debug|Any CPU.ActiveCfg = Debug|Any CPU
		{5B45DDFD-243D-499F-B8CE-0597EFCDF74A}.Debug|Any CPU.Build.0 = Debug|Any CPU
		{5B45DDFD-243D-499F-B8CE-0597EFCDF74A}.Debug|Mixed Platforms.ActiveCfg = Debug|Any CPU
		{5B45DDFD-243D-499F-B8CE-0597EFCDF74A}.Debug|Mixed Platforms.Build.0 = Debug|Any CPU
		{5B45DDFD-243D-499F-B8CE-0597EFCDF74A}.Debug|x86.ActiveCfg = Debug|Any CPU
		{5B45DDFD-243D-499F-B8CE-0597EFCDF74A}.Debug|x86.Build.0 = Debug|Any CPU
		{5B45DDFD-243D-499F-B8CE-0597EFCDF74A}.Release|Any CPU.ActiveCfg = Release|Any CPU
		{5B45DDFD-243D-499F-B8CE-0597EFCDF74A}.Release|Any CPU.Build.0 = Release|Any CPU
		{5B45DDFD-243D-499F-B8CE-0597EFCDF74A}.Release|Mixed Platforms.ActiveCfg = Release|Any CPU
		{5B45DDFD-243D-499F-B8CE-0597EFCDF74A}.Release|Mixed Platforms.Build.0 = Release|Any CPU
		{5B45DDFD-243D-499F-B8CE-0597EFCDF74A}.Release|x86.ActiveCfg = Release|Any CPU
		{5B45DDFD-243D-499F-B8CE-0597EFCDF74A}.Release|x86.Build.0 = Release|Any CPU
		{C290EF4F-96D7-4753-B4F5-394D9C97063C}.Debug|Any CPU.ActiveCfg = Debug|Any CPU
		{C290EF4F-96D7-4753-B4F5-394D9C97063C}.Debug|Any CPU.Build.0 = Debug|Any CPU
		{C290EF4F-96D7-4753-B4F5-394D9C97063C}.Debug|Mixed Platforms.ActiveCfg = Debug|Any CPU
		{C290EF4F-96D7-4753-B4F5-394D9C97063C}.Debug|Mixed Platforms.Build.0 = Debug|Any CPU
		{C290EF4F-96D7-4753-B4F5-394D9C97063C}.Debug|x86.ActiveCfg = Debug|Any CPU
		{C290EF4F-96D7-4753-B4F5-394D9C97063C}.Debug|x86.Build.0 = Debug|Any CPU
		{C290EF4F-96D7-4753-B4F5-394D9C97063C}.Release|Any CPU.ActiveCfg = Release|Any CPU
		{C290EF4F-96D7-4753-B4F5-394D9C97063C}.Release|Any CPU.Build.0 = Release|Any CPU
		{C290EF4F-96D7-4753-B4F5-394D9C97063C}.Release|Mixed Platforms.ActiveCfg = Release|Any CPU
		{C290EF4F-96D7-4753-B4F5-394D9C97063C}.Release|Mixed Platforms.Build.0 = Release|Any CPU
		{C290EF4F-96D7-4753-B4F5-394D9C97063C}.Release|x86.ActiveCfg = Release|Any CPU
		{C290EF4F-96D7-4753-B4F5-394D9C97063C}.Release|x86.Build.0 = Release|Any CPU
		{DCDEC91F-5ACC-4CD1-B40E-0585957390E3}.Debug|Any CPU.ActiveCfg = Debug|Any CPU
		{DCDEC91F-5ACC-4CD1-B40E-0585957390E3}.Debug|Any CPU.Build.0 = Debug|Any CPU
		{DCDEC91F-5ACC-4CD1-B40E-0585957390E3}.Debug|Mixed Platforms.ActiveCfg = Debug|Any CPU
		{DCDEC91F-5ACC-4CD1-B40E-0585957390E3}.Debug|Mixed Platforms.Build.0 = Debug|Any CPU
		{DCDEC91F-5ACC-4CD1-B40E-0585957390E3}.Debug|x86.ActiveCfg = Debug|Any CPU
		{DCDEC91F-5ACC-4CD1-B40E-0585957390E3}.Debug|x86.Build.0 = Debug|Any CPU
		{DCDEC91F-5ACC-4CD1-B40E-0585957390E3}.Release|Any CPU.ActiveCfg = Release|Any CPU
		{DCDEC91F-5ACC-4CD1-B40E-0585957390E3}.Release|Any CPU.Build.0 = Release|Any CPU
		{DCDEC91F-5ACC-4CD1-B40E-0585957390E3}.Release|Mixed Platforms.ActiveCfg = Release|Any CPU
		{DCDEC91F-5ACC-4CD1-B40E-0585957390E3}.Release|Mixed Platforms.Build.0 = Release|Any CPU
		{DCDEC91F-5ACC-4CD1-B40E-0585957390E3}.Release|x86.ActiveCfg = Release|Any CPU
		{DCDEC91F-5ACC-4CD1-B40E-0585957390E3}.Release|x86.Build.0 = Release|Any CPU
		{9C2AFC47-3C2B-410B-9FC0-576F1E1785AB}.Debug|Any CPU.ActiveCfg = Debug|Any CPU
		{9C2AFC47-3C2B-410B-9FC0-576F1E1785AB}.Debug|Any CPU.Build.0 = Debug|Any CPU
		{9C2AFC47-3C2B-410B-9FC0-576F1E1785AB}.Debug|Mixed Platforms.ActiveCfg = Debug|Any CPU
		{9C2AFC47-3C2B-410B-9FC0-576F1E1785AB}.Debug|Mixed Platforms.Build.0 = Debug|Any CPU
		{9C2AFC47-3C2B-410B-9FC0-576F1E1785AB}.Debug|x86.ActiveCfg = Debug|Any CPU
		{9C2AFC47-3C2B-410B-9FC0-576F1E1785AB}.Debug|x86.Build.0 = Debug|Any CPU
		{9C2AFC47-3C2B-410B-9FC0-576F1E1785AB}.Release|Any CPU.ActiveCfg = Release|Any CPU
		{9C2AFC47-3C2B-410B-9FC0-576F1E1785AB}.Release|Any CPU.Build.0 = Release|Any CPU
		{9C2AFC47-3C2B-410B-9FC0-576F1E1785AB}.Release|Mixed Platforms.ActiveCfg = Release|Any CPU
		{9C2AFC47-3C2B-410B-9FC0-576F1E1785AB}.Release|Mixed Platforms.Build.0 = Release|Any CPU
		{9C2AFC47-3C2B-410B-9FC0-576F1E1785AB}.Release|x86.ActiveCfg = Release|Any CPU
		{9C2AFC47-3C2B-410B-9FC0-576F1E1785AB}.Release|x86.Build.0 = Release|Any CPU
		{83815C06-2EF2-4658-A008-98B0623FF28F}.Debug|Any CPU.ActiveCfg = Debug|Any CPU
		{83815C06-2EF2-4658-A008-98B0623FF28F}.Debug|Any CPU.Build.0 = Debug|Any CPU
		{83815C06-2EF2-4658-A008-98B0623FF28F}.Debug|Mixed Platforms.ActiveCfg = Debug|Any CPU
		{83815C06-2EF2-4658-A008-98B0623FF28F}.Debug|Mixed Platforms.Build.0 = Debug|Any CPU
		{83815C06-2EF2-4658-A008-98B0623FF28F}.Debug|x86.ActiveCfg = Debug|Any CPU
		{83815C06-2EF2-4658-A008-98B0623FF28F}.Debug|x86.Build.0 = Debug|Any CPU
		{83815C06-2EF2-4658-A008-98B0623FF28F}.Release|Any CPU.ActiveCfg = Release|Any CPU
		{83815C06-2EF2-4658-A008-98B0623FF28F}.Release|Any CPU.Build.0 = Release|Any CPU
		{83815C06-2EF2-4658-A008-98B0623FF28F}.Release|Mixed Platforms.ActiveCfg = Release|Any CPU
		{83815C06-2EF2-4658-A008-98B0623FF28F}.Release|Mixed Platforms.Build.0 = Release|Any CPU
		{83815C06-2EF2-4658-A008-98B0623FF28F}.Release|x86.ActiveCfg = Release|Any CPU
		{83815C06-2EF2-4658-A008-98B0623FF28F}.Release|x86.Build.0 = Release|Any CPU
		{9C519C3F-3856-4CF5-B044-E911E519346D}.Debug|Any CPU.ActiveCfg = Debug|Any CPU
		{9C519C3F-3856-4CF5-B044-E911E519346D}.Debug|Any CPU.Build.0 = Debug|Any CPU
		{9C519C3F-3856-4CF5-B044-E911E519346D}.Debug|Mixed Platforms.ActiveCfg = Debug|Any CPU
		{9C519C3F-3856-4CF5-B044-E911E519346D}.Debug|Mixed Platforms.Build.0 = Debug|Any CPU
		{9C519C3F-3856-4CF5-B044-E911E519346D}.Debug|x86.ActiveCfg = Debug|Any CPU
		{9C519C3F-3856-4CF5-B044-E911E519346D}.Debug|x86.Build.0 = Debug|Any CPU
		{9C519C3F-3856-4CF5-B044-E911E519346D}.Release|Any CPU.ActiveCfg = Release|Any CPU
		{9C519C3F-3856-4CF5-B044-E911E519346D}.Release|Any CPU.Build.0 = Release|Any CPU
		{9C519C3F-3856-4CF5-B044-E911E519346D}.Release|Mixed Platforms.ActiveCfg = Release|Any CPU
		{9C519C3F-3856-4CF5-B044-E911E519346D}.Release|Mixed Platforms.Build.0 = Release|Any CPU
		{9C519C3F-3856-4CF5-B044-E911E519346D}.Release|x86.ActiveCfg = Release|Any CPU
		{9C519C3F-3856-4CF5-B044-E911E519346D}.Release|x86.Build.0 = Release|Any CPU
		{C67756A0-9B51-47B7-AA38-857EC1A37C2D}.Debug|Any CPU.ActiveCfg = Debug|Any CPU
		{C67756A0-9B51-47B7-AA38-857EC1A37C2D}.Debug|Any CPU.Build.0 = Debug|Any CPU
		{C67756A0-9B51-47B7-AA38-857EC1A37C2D}.Debug|Mixed Platforms.ActiveCfg = Debug|Any CPU
		{C67756A0-9B51-47B7-AA38-857EC1A37C2D}.Debug|Mixed Platforms.Build.0 = Debug|Any CPU
		{C67756A0-9B51-47B7-AA38-857EC1A37C2D}.Debug|x86.ActiveCfg = Debug|Any CPU
		{C67756A0-9B51-47B7-AA38-857EC1A37C2D}.Debug|x86.Build.0 = Debug|Any CPU
		{C67756A0-9B51-47B7-AA38-857EC1A37C2D}.Release|Any CPU.ActiveCfg = Release|Any CPU
		{C67756A0-9B51-47B7-AA38-857EC1A37C2D}.Release|Any CPU.Build.0 = Release|Any CPU
		{C67756A0-9B51-47B7-AA38-857EC1A37C2D}.Release|Mixed Platforms.ActiveCfg = Release|Any CPU
		{C67756A0-9B51-47B7-AA38-857EC1A37C2D}.Release|Mixed Platforms.Build.0 = Release|Any CPU
		{C67756A0-9B51-47B7-AA38-857EC1A37C2D}.Release|x86.ActiveCfg = Release|Any CPU
		{C67756A0-9B51-47B7-AA38-857EC1A37C2D}.Release|x86.Build.0 = Release|Any CPU
		{A0A22F86-74A5-416B-81F0-6976732BF547}.Debug|Any CPU.ActiveCfg = Debug|Any CPU
		{A0A22F86-74A5-416B-81F0-6976732BF547}.Debug|Any CPU.Build.0 = Debug|Any CPU
		{A0A22F86-74A5-416B-81F0-6976732BF547}.Debug|Mixed Platforms.ActiveCfg = Debug|Any CPU
		{A0A22F86-74A5-416B-81F0-6976732BF547}.Debug|Mixed Platforms.Build.0 = Debug|Any CPU
		{A0A22F86-74A5-416B-81F0-6976732BF547}.Debug|x86.ActiveCfg = Debug|Any CPU
		{A0A22F86-74A5-416B-81F0-6976732BF547}.Debug|x86.Build.0 = Debug|Any CPU
		{A0A22F86-74A5-416B-81F0-6976732BF547}.Release|Any CPU.ActiveCfg = Release|Any CPU
		{A0A22F86-74A5-416B-81F0-6976732BF547}.Release|Any CPU.Build.0 = Release|Any CPU
		{A0A22F86-74A5-416B-81F0-6976732BF547}.Release|Mixed Platforms.ActiveCfg = Release|Any CPU
		{A0A22F86-74A5-416B-81F0-6976732BF547}.Release|Mixed Platforms.Build.0 = Release|Any CPU
		{A0A22F86-74A5-416B-81F0-6976732BF547}.Release|x86.ActiveCfg = Release|Any CPU
		{A0A22F86-74A5-416B-81F0-6976732BF547}.Release|x86.Build.0 = Release|Any CPU
	EndGlobalSection
	GlobalSection(SolutionProperties) = preSolution
		HideSolutionNode = FALSE
	EndGlobalSection
	GlobalSection(ExtensibilityGlobals) = postSolution
		SolutionGuid = {EB7163B3-9407-47C8-B669-9C751DD8A6A2}
	EndGlobalSection
EndGlobal
