
Microsoft Visual Studio Solution File, Format Version 12.00
# Visual Studio Version 16
VisualStudioVersion = 16.0.29613.14
MinimumVisualStudioVersion = 10.0.40219.1
Project("{FAE04EC0-301F-11D3-BF4B-00C04F79EFBC}") = "Field_Notes", "Field_Notes\Field_Notes.csproj", "{83815C06-2EF2-4658-A008-98B0623FF28F}"
EndProject
Global
	GlobalSection(SolutionConfigurationPlatforms) = preSolution
		Debug|Any CPU = Debug|Any CPU
		Release|Any CPU = Release|Any CPU
	EndGlobalSection
	GlobalSection(ProjectConfigurationPlatforms) = postSolution
		{83815C06-2EF2-4658-A008-98B0623FF28F}.Debug|Any CPU.ActiveCfg = Debug|Any CPU
		{83815C06-2EF2-4658-A008-98B0623FF28F}.Debug|Any CPU.Build.0 = Debug|Any CPU
		{83815C06-2EF2-4658-A008-98B0623FF28F}.Release|Any CPU.ActiveCfg = Release|Any CPU
		{83815C06-2EF2-4658-A008-98B0623FF28F}.Release|Any CPU.Build.0 = Release|Any CPU
	EndGlobalSection
	GlobalSection(SolutionProperties) = preSolution
		HideSolutionNode = FALSE
	EndGlobalSection
	GlobalSection(ExtensibilityGlobals) = postSolution
		SolutionGuid = {AEE51A19-8490-4EA2-B890-16B8EA5C61DA}
	EndGlobalSection
EndGlobal
