
Microsoft Visual Studio Solution File, Format Version 12.00
# Visual Studio Version 16
VisualStudioVersion = 16.0.29709.97
MinimumVisualStudioVersion = 10.0.40219.1
Project("{2150E333-8FDC-42A3-9474-1A3956D46DE8}") = "LayerComparison", "LayerComparison", "{EC5D6DB6-4B6A-4582-806C-00693DDADD52}"
EndProject
Project("{FAE04EC0-301F-11D3-BF4B-00C04F79EFBC}") = "CADTechnologiesSource.UIResources", "CADTechnologiesSource.UIResources\CADTechnologiesSource.UIResources.csproj", "{2644AF1E-1C29-486D-9E8E-19B0393B998D}"
EndProject
Project("{FAE04EC0-301F-11D3-BF4B-00C04F79EFBC}") = "LayerComparison.UI", "LayerComparison\LayerComparison.UI\LayerComparison.UI.csproj", "{89E5DCA8-85A9-4B0E-ADE8-52BFB83C21EB}"
EndProject
Project("{FAE04EC0-301F-11D3-BF4B-00C04F79EFBC}") = "LayerComparison.2017", "LayerComparison\LayerComparison.2017\LayerComparison.2017.csproj", "{0F71984F-AA87-4873-AB28-BCDDF561E719}"
EndProject
Project("{FAE04EC0-301F-11D3-BF4B-00C04F79EFBC}") = "LayerComparison.Core", "LayerComparison\LayerComparison.Core\LayerComparison.Core.csproj", "{5D0316C8-85CE-4D68-B728-026F0B4A1A95}"
EndProject
Project("{D954291E-2A0B-460D-934E-DC6B0785DB48}") = "LayerComparison.AutoCAD", "LayerComparison\LayerComparison.AutoCAD\LayerComparison.AutoCAD.shproj", "{F5C00D3B-2CEC-4176-A56E-BDB823DE4372}"
EndProject
Project("{D954291E-2A0B-460D-934E-DC6B0785DB48}") = "CADTechnologiesSource.All", "CADTechnologiesSource.All\CADTechnologiesSource.All.shproj", "{B6327D2C-18D3-4FC8-904B-B2D4BE51C8C4}"
EndProject
Project("{2150E333-8FDC-42A3-9474-1A3956D46DE8}") = "MLineBlockAttributeEditor", "MLineBlockAttributeEditor", "{1CBECF21-8687-4CCF-A202-7763F045D39C}"
EndProject
Project("{FAE04EC0-301F-11D3-BF4B-00C04F79EFBC}") = "MLineBlockAttributeEditor.2017", "MLineBlockAttributeEditor\MLineBlockAttributeEditor.2017\MLineBlockAttributeEditor.2017.csproj", "{28B7E05A-952B-4F4B-95AC-2C5D51179E44}"
EndProject
Project("{FAE04EC0-301F-11D3-BF4B-00C04F79EFBC}") = "MLineBlockAttributeEditor.UI", "MLineBlockAttributeEditor\MLineBlockAttributeEditor.UI\MLineBlockAttributeEditor.UI.csproj", "{90D6214F-00D1-404B-9701-A51AD626DDF6}"
EndProject
Project("{D954291E-2A0B-460D-934E-DC6B0785DB48}") = "MLineBlockAttributeEditor.AutoCAD", "MLineBlockAttributeEditor\MLineBlockAttributeEditor.AutoCAD\MLineBlockAttributeEditor.AutoCAD.shproj", "{7E7B7798-7FB2-4C4F-95EB-D95F75037897}"
EndProject
Project("{FAE04EC0-301F-11D3-BF4B-00C04F79EFBC}") = "MLineBlockAttributeEditor.Core", "MLineBlockAttributeEditor\MLineBlockAttributeEditor.Core\MLineBlockAttributeEditor.Core.csproj", "{7724FB85-8FD8-4426-90A1-B163E5E42524}"
EndProject
Project("{FAE04EC0-301F-11D3-BF4B-00C04F79EFBC}") = "ProjectSpecificPrograms", "ProjectSpecificPrograms\ProjectSpecificPrograms\ProjectSpecificPrograms.csproj", "{4259BE9E-7741-4EC5-AFA3-9D8F4195E92E}"
EndProject
Project("{2150E333-8FDC-42A3-9474-1A3956D46DE8}") = "GFAR", "GFAR", "{F71E5B6F-BB76-4DDF-85D5-6545B79D9EAC}"
EndProject
Project("{FAE04EC0-301F-11D3-BF4B-00C04F79EFBC}") = "GFAR.Core", "GFAR\GFAR.Core\GFAR.Core.csproj", "{A4FD5800-4430-45E2-A9B6-0342EF7A5731}"
EndProject
Project("{FAE04EC0-301F-11D3-BF4B-00C04F79EFBC}") = "GFAR.2017", "GFAR\GFAR.2017\GFAR.2017.csproj", "{B7D6CA29-C273-43DF-9068-BF7A8859C4CD}"
EndProject
Project("{FAE04EC0-301F-11D3-BF4B-00C04F79EFBC}") = "GFAR.UI", "GFAR\GFAR.UI\GFAR.UI.csproj", "{82E140E8-3A64-47B4-9195-0C3F23B4E66E}"
EndProject
Project("{D954291E-2A0B-460D-934E-DC6B0785DB48}") = "GFAR.AutoCAD", "GFAR\GFAR.AutoCAD\GFAR.AutoCAD.shproj", "{DD917B12-2EE8-468A-A8B1-B4E90F1EAA55}"
EndProject
Project("{2150E333-8FDC-42A3-9474-1A3956D46DE8}") = "BlockManager", "BlockManager", "{F6ADD0C9-63F7-459E-A500-DBF17B4704BF}"
EndProject
Project("{FAE04EC0-301F-11D3-BF4B-00C04F79EFBC}") = "BlockManager.2017", "BlockManager\BlockManager.2017\BlockManager.2017.csproj", "{C5B3E966-E8A0-4868-9250-FD5F3911559B}"
EndProject
Project("{FAE04EC0-301F-11D3-BF4B-00C04F79EFBC}") = "BlockManager.UI", "BlockManager\BlockManager.UI\BlockManager.UI.csproj", "{D065A115-4088-4F2B-B007-47695CE82905}"
EndProject
Project("{FAE04EC0-301F-11D3-BF4B-00C04F79EFBC}") = "BlockManager.Core", "BlockManager\BlockManager.Core\BlockManager.Core.csproj", "{C8156226-444A-4AE1-A59C-C140FE43FC60}"
EndProject
Project("{D954291E-2A0B-460D-934E-DC6B0785DB48}") = "BlockManager.AutoCAD", "BlockManager\BlockManager.AutoCAD\BlockManager.AutoCAD.shproj", "{4CE56162-3464-4984-B275-BFCC638AC4C6}"
EndProject
Project("{FAE04EC0-301F-11D3-BF4B-00C04F79EFBC}") = "BlockManagerTest.UI", "BlockManager\BlockManagerTest.UI\BlockManagerTest.UI.csproj", "{958695B3-4CCF-4D02-B6F3-6C1D3F688385}"
EndProject
Project("{2150E333-8FDC-42A3-9474-1A3956D46DE8}") = "PlanBuilder", "PlanBuilder", "{8AD7860E-3569-4E35-A22F-0BF10D3B5AC1}"
EndProject
Project("{FAE04EC0-301F-11D3-BF4B-00C04F79EFBC}") = "PlanBuilder.2017", "PlanBuilder\PlanBuilder.2017\PlanBuilder.2017.csproj", "{7634E6F9-CDB4-435C-9EBA-A39694E14586}"
EndProject
Project("{FAE04EC0-301F-11D3-BF4B-00C04F79EFBC}") = "PlanBuilder.UI", "PlanBuilder\PlanBuilder.UI\PlanBuilder.UI.csproj", "{016174CD-2FD0-42AB-A856-CAC80508737A}"
EndProject
Project("{FAE04EC0-301F-11D3-BF4B-00C04F79EFBC}") = "PlanBuilder.Core", "PlanBuilder\PlanBuilder.Core\PlanBuilder.Core.csproj", "{E8AF1C29-F9B3-49FA-81E3-7224F6A3C8CE}"
EndProject
Project("{D954291E-2A0B-460D-934E-DC6B0785DB48}") = "PlanBuilder.AutoCAD", "PlanBuilder\PlanBuilder.AutoCAD\PlanBuilder.AutoCAD.shproj", "{3797D60F-DBFC-4DEF-8237-31E6439BD709}"
EndProject
Project("{2150E333-8FDC-42A3-9474-1A3956D46DE8}") = "LinetypeBuilder", "LinetypeBuilder", "{DBAE41AF-7194-4BDE-AAAD-D70BFF85D773}"
EndProject
Project("{FAE04EC0-301F-11D3-BF4B-00C04F79EFBC}") = "Civil3DTools", "Civil3DTools\Civil3DTools.csproj", "{C5988339-8051-466C-95A5-E6AABDD6B60A}"
EndProject
Project("{FAE04EC0-301F-11D3-BF4B-00C04F79EFBC}") = "LineTypeBuilderCAD", "LinetypeBuilder\LineTypeBuilderCAD\LineTypeBuilderCAD.csproj", "{4936D4E8-581B-4E2E-99F9-B02458D3CC92}"
EndProject
Project("{FAE04EC0-301F-11D3-BF4B-00C04F79EFBC}") = "BoreExcavationBuilder", "BoreHoleBuilder\BoreExcavationBuilder.csproj", "{E11888DD-9489-4DC5-8815-1D35152EC63B}"
EndProject
Project("{2150E333-8FDC-42A3-9474-1A3956D46DE8}") = "BoreExcavationBuilder", "BoreExcavationBuilder", "{B1CC7E1B-EEB8-487C-99E4-D868F338A3F4}"
EndProject
Project("{2150E333-8FDC-42A3-9474-1A3956D46DE8}") = "TagDupeFix", "TagDupeFix", "{A69923B3-A851-4533-8E36-AC5775B80C7C}"
EndProject
Project("{FAE04EC0-301F-11D3-BF4B-00C04F79EFBC}") = "TagDupeFIx.2017", "TagDupeFix\TagDupeFIx.2017\TagDupeFIx.2017.csproj", "{E0219A68-E4EF-4901-9CDA-26C18A1FB973}"
EndProject
Project("{FAE04EC0-301F-11D3-BF4B-00C04F79EFBC}") = "TagDupeFix.UI", "TagDupeFix\TagDupeFix.UI\TagDupeFix.UI.csproj", "{F10256D7-2120-4574-83D1-05C157AD34A9}"
EndProject
Project("{FAE04EC0-301F-11D3-BF4B-00C04F79EFBC}") = "TagDupeFix.Core", "TagDupeFix\TagDupeFix.Core\TagDupeFix.Core.csproj", "{87CDDA5A-2B27-4126-A419-CCECAB0E5400}"
EndProject
Project("{D954291E-2A0B-460D-934E-DC6B0785DB48}") = "TagDupeFix.AutoCAD", "TagDupeFix\TagDupeFix.AutoCAD\TagDupeFix.AutoCAD.shproj", "{07F0A201-1050-4FE7-936F-077BF08CDE50}"
EndProject
Project("{2150E333-8FDC-42A3-9474-1A3956D46DE8}") = "FastAtt", "FastAtt", "{FCE0168F-E491-48D3-A53D-1A432CC74426}"
EndProject
Project("{FAE04EC0-301F-11D3-BF4B-00C04F79EFBC}") = "FastAtt", "FastAtt\FastAtt\FastAtt.csproj", "{D3947D6A-8343-44D9-B303-00DF56E80564}"
EndProject
Project("{2150E333-8FDC-42A3-9474-1A3956D46DE8}") = "AttributeFinder", "AttributeFinder", "{7159C165-C7D7-4111-837A-28ACE9AD47F6}"
EndProject
Project("{FAE04EC0-301F-11D3-BF4B-00C04F79EFBC}") = "AttributeFinder", "AttributeFinder\AttributeFinder\AttributeFinder.csproj", "{613C29C8-FC22-43D6-987F-8BC4EACD2F6C}"
EndProject
Project("{2150E333-8FDC-42A3-9474-1A3956D46DE8}") = "FolderForFiles", "FolderForFiles", "{5CD04F1D-6C10-447D-824E-E004F87ABB5C}"
EndProject
Project("{FAE04EC0-301F-11D3-BF4B-00C04F79EFBC}") = "FolderForFiles", "FolderForFiles\FolderForFiles\FolderForFiles.csproj", "{A30DA839-5F27-470B-896A-81FE3B08682B}"
EndProject
Project("{2150E333-8FDC-42A3-9474-1A3956D46DE8}") = "BlockDeleter", "BlockDeleter", "{4C7B5A4E-42C7-43C8-92EA-FC9DC8A3D522}"
EndProject
Project("{FAE04EC0-301F-11D3-BF4B-00C04F79EFBC}") = "BlockDeleter", "BlockDeleter\BlockDeleter\BlockDeleter.csproj", "{E7629707-C773-44BC-A0C0-B7790D5D7EF0}"
EndProject
Project("{2150E333-8FDC-42A3-9474-1A3956D46DE8}") = "LayerManager", "LayerManager", "{83DB7ED7-F0E9-4DF4-BBCF-34AA50446EFC}"
EndProject
Project("{FAE04EC0-301F-11D3-BF4B-00C04F79EFBC}") = "LayerManager", "LayerManager\LayerManager\LayerManager.csproj", "{CCE0B107-64CD-429D-8B7B-6A3ED7D4827D}"
EndProject
Project("{2150E333-8FDC-42A3-9474-1A3956D46DE8}") = "SystemVariableSetter", "SystemVariableSetter", "{364727A3-7758-409A-94D2-E89ED783C760}"
EndProject
Project("{FAE04EC0-301F-11D3-BF4B-00C04F79EFBC}") = "SystemVariableSetter", "SystemVariableSetter\SytemVariableSetter\SystemVariableSetter.csproj", "{BEA7ABD7-03F7-4868-A4A6-76AC0BE7FCE8}"
EndProject
Project("{2150E333-8FDC-42A3-9474-1A3956D46DE8}") = "BlockInserter", "BlockInserter", "{4486CF17-9FF6-4FAF-8582-594ACCBA28E3}"
EndProject
Project("{FAE04EC0-301F-11D3-BF4B-00C04F79EFBC}") = "BlockInserter", "BlockReplacer.2017\BlockInserter.csproj", "{E5308273-2477-468C-A7B2-805E5CC6112E}"
EndProject
Project("{2150E333-8FDC-42A3-9474-1A3956D46DE8}") = "WorkspaceTool", "WorkspaceTool", "{577C3E39-ED91-4BF4-B79F-EE12192DC1DC}"
EndProject
Project("{FAE04EC0-301F-11D3-BF4B-00C04F79EFBC}") = "WorkspaceTool", "WorkspaceTool\WorkspaceTool\WorkspaceTool.csproj", "{EE046B67-E355-4451-9C01-6D7C16CE7D40}"
EndProject
Global
	GlobalSection(SharedMSBuildProjectFiles) = preSolution
		PlanBuilder\PlanBuilder.AutoCAD\PlanBuilder.AutoCAD.projitems*{016174cd-2fd0-42ab-a856-cac80508737a}*SharedItemsImports = 4
		TagDupeFix\TagDupeFix.AutoCAD\TagDupeFix.AutoCAD.projitems*{07f0a201-1050-4fe7-936f-077bf08cde50}*SharedItemsImports = 13
		CADTechnologiesSource.All\CADTechnologiesSource.All.projitems*{0f71984f-aa87-4873-ab28-bcddf561e719}*SharedItemsImports = 4
		LayerComparison\LayerComparison.AutoCAD\LayerComparison.AutoCAD.projitems*{0f71984f-aa87-4873-ab28-bcddf561e719}*SharedItemsImports = 4
		CADTechnologiesSource.All\CADTechnologiesSource.All.projitems*{28b7e05a-952b-4f4b-95ac-2c5d51179e44}*SharedItemsImports = 4
		MLineBlockAttributeEditor\MLineBlockAttributeEditor.AutoCAD\MLineBlockAttributeEditor.AutoCAD.projitems*{28b7e05a-952b-4f4b-95ac-2c5d51179e44}*SharedItemsImports = 4
		PlanBuilder\PlanBuilder.AutoCAD\PlanBuilder.AutoCAD.projitems*{3797d60f-dbfc-4def-8237-31e6439bd709}*SharedItemsImports = 13
		CADTechnologiesSource.All\CADTechnologiesSource.All.projitems*{4259be9e-7741-4ec5-afa3-9d8f4195e92e}*SharedItemsImports = 4
		BlockManager\BlockManager.AutoCAD\BlockManager.AutoCAD.projitems*{4ce56162-3464-4984-b275-bfcc638ac4c6}*SharedItemsImports = 13
		CADTechnologiesSource.All\CADTechnologiesSource.All.projitems*{5d0316c8-85ce-4d68-b728-026f0b4a1a95}*SharedItemsImports = 4
		CADTechnologiesSource.All\CADTechnologiesSource.All.projitems*{613c29c8-fc22-43d6-987f-8bc4eacd2f6c}*SharedItemsImports = 4
		CADTechnologiesSource.All\CADTechnologiesSource.All.projitems*{7634e6f9-cdb4-435c-9eba-a39694e14586}*SharedItemsImports = 4
		PlanBuilder\PlanBuilder.AutoCAD\PlanBuilder.AutoCAD.projitems*{7634e6f9-cdb4-435c-9eba-a39694e14586}*SharedItemsImports = 4
		CADTechnologiesSource.All\CADTechnologiesSource.All.projitems*{7724fb85-8fd8-4426-90a1-b163e5e42524}*SharedItemsImports = 4
		MLineBlockAttributeEditor\MLineBlockAttributeEditor.AutoCAD\MLineBlockAttributeEditor.AutoCAD.projitems*{7e7b7798-7fb2-4c4f-95eb-d95f75037897}*SharedItemsImports = 13
		CADTechnologiesSource.All\CADTechnologiesSource.All.projitems*{87cdda5a-2b27-4126-a419-ccecab0e5400}*SharedItemsImports = 4
		TagDupeFix\TagDupeFix.AutoCAD\TagDupeFix.AutoCAD.projitems*{87cdda5a-2b27-4126-a419-ccecab0e5400}*SharedItemsImports = 4
		CADTechnologiesSource.All\CADTechnologiesSource.All.projitems*{a4fd5800-4430-45e2-a9b6-0342ef7a5731}*SharedItemsImports = 4
		CADTechnologiesSource.All\CADTechnologiesSource.All.projitems*{b6327d2c-18d3-4fc8-904b-b2d4be51c8c4}*SharedItemsImports = 13
		CADTechnologiesSource.All\CADTechnologiesSource.All.projitems*{b7d6ca29-c273-43df-9068-bf7a8859c4cd}*SharedItemsImports = 4
		GFAR\GFAR.AutoCAD\GFAR.AutoCAD.projitems*{b7d6ca29-c273-43df-9068-bf7a8859c4cd}*SharedItemsImports = 4
		BlockManager\BlockManager.AutoCAD\BlockManager.AutoCAD.projitems*{c5b3e966-e8a0-4868-9250-fd5f3911559b}*SharedItemsImports = 4
		CADTechnologiesSource.All\CADTechnologiesSource.All.projitems*{c5b3e966-e8a0-4868-9250-fd5f3911559b}*SharedItemsImports = 4
		CADTechnologiesSource.All\CADTechnologiesSource.All.projitems*{c8156226-444a-4ae1-a59c-c140fe43fc60}*SharedItemsImports = 4
		BlockManager\BlockManager.AutoCAD\BlockManager.AutoCAD.projitems*{d065a115-4088-4f2b-b007-47695ce82905}*SharedItemsImports = 4
		CADTechnologiesSource.All\CADTechnologiesSource.All.projitems*{d065a115-4088-4f2b-b007-47695ce82905}*SharedItemsImports = 4
		GFAR\GFAR.AutoCAD\GFAR.AutoCAD.projitems*{dd917b12-2ee8-468a-a8b1-b4e90f1eaa55}*SharedItemsImports = 13
		CADTechnologiesSource.All\CADTechnologiesSource.All.projitems*{e0219a68-e4ef-4901-9cda-26c18a1fb973}*SharedItemsImports = 4
		TagDupeFix\TagDupeFix.AutoCAD\TagDupeFix.AutoCAD.projitems*{e0219a68-e4ef-4901-9cda-26c18a1fb973}*SharedItemsImports = 4
		CADTechnologiesSource.All\CADTechnologiesSource.All.projitems*{e7629707-c773-44bc-a0c0-b7790d5d7ef0}*SharedItemsImports = 4
		CADTechnologiesSource.All\CADTechnologiesSource.All.projitems*{e8af1c29-f9b3-49fa-81e3-7224f6a3c8ce}*SharedItemsImports = 4
		CADTechnologiesSource.All\CADTechnologiesSource.All.projitems*{f10256d7-2120-4574-83d1-05c157ad34a9}*SharedItemsImports = 4
		TagDupeFix\TagDupeFix.AutoCAD\TagDupeFix.AutoCAD.projitems*{f10256d7-2120-4574-83d1-05c157ad34a9}*SharedItemsImports = 4
		LayerComparison\LayerComparison.AutoCAD\LayerComparison.AutoCAD.projitems*{f5c00d3b-2cec-4176-a56e-bdb823de4372}*SharedItemsImports = 13
	EndGlobalSection
	GlobalSection(SolutionConfigurationPlatforms) = preSolution
		Debug|Any CPU = Debug|Any CPU
		Release|Any CPU = Release|Any CPU
	EndGlobalSection
	GlobalSection(ProjectConfigurationPlatforms) = postSolution
		{2644AF1E-1C29-486D-9E8E-19B0393B998D}.Debug|Any CPU.ActiveCfg = Debug|Any CPU
		{2644AF1E-1C29-486D-9E8E-19B0393B998D}.Debug|Any CPU.Build.0 = Debug|Any CPU
		{2644AF1E-1C29-486D-9E8E-19B0393B998D}.Release|Any CPU.ActiveCfg = Release|Any CPU
		{2644AF1E-1C29-486D-9E8E-19B0393B998D}.Release|Any CPU.Build.0 = Release|Any CPU
		{89E5DCA8-85A9-4B0E-ADE8-52BFB83C21EB}.Debug|Any CPU.ActiveCfg = Debug|Any CPU
		{89E5DCA8-85A9-4B0E-ADE8-52BFB83C21EB}.Debug|Any CPU.Build.0 = Debug|Any CPU
		{89E5DCA8-85A9-4B0E-ADE8-52BFB83C21EB}.Release|Any CPU.ActiveCfg = Release|Any CPU
		{89E5DCA8-85A9-4B0E-ADE8-52BFB83C21EB}.Release|Any CPU.Build.0 = Release|Any CPU
		{0F71984F-AA87-4873-AB28-BCDDF561E719}.Debug|Any CPU.ActiveCfg = Debug|Any CPU
		{0F71984F-AA87-4873-AB28-BCDDF561E719}.Debug|Any CPU.Build.0 = Debug|Any CPU
		{0F71984F-AA87-4873-AB28-BCDDF561E719}.Release|Any CPU.ActiveCfg = Release|Any CPU
		{0F71984F-AA87-4873-AB28-BCDDF561E719}.Release|Any CPU.Build.0 = Release|Any CPU
		{5D0316C8-85CE-4D68-B728-026F0B4A1A95}.Debug|Any CPU.ActiveCfg = Debug|Any CPU
		{5D0316C8-85CE-4D68-B728-026F0B4A1A95}.Debug|Any CPU.Build.0 = Debug|Any CPU
		{5D0316C8-85CE-4D68-B728-026F0B4A1A95}.Release|Any CPU.ActiveCfg = Release|Any CPU
		{5D0316C8-85CE-4D68-B728-026F0B4A1A95}.Release|Any CPU.Build.0 = Release|Any CPU
		{28B7E05A-952B-4F4B-95AC-2C5D51179E44}.Debug|Any CPU.ActiveCfg = Debug|Any CPU
		{28B7E05A-952B-4F4B-95AC-2C5D51179E44}.Debug|Any CPU.Build.0 = Debug|Any CPU
		{28B7E05A-952B-4F4B-95AC-2C5D51179E44}.Release|Any CPU.ActiveCfg = Release|Any CPU
		{28B7E05A-952B-4F4B-95AC-2C5D51179E44}.Release|Any CPU.Build.0 = Release|Any CPU
		{90D6214F-00D1-404B-9701-A51AD626DDF6}.Debug|Any CPU.ActiveCfg = Debug|Any CPU
		{90D6214F-00D1-404B-9701-A51AD626DDF6}.Debug|Any CPU.Build.0 = Debug|Any CPU
		{90D6214F-00D1-404B-9701-A51AD626DDF6}.Release|Any CPU.ActiveCfg = Release|Any CPU
		{90D6214F-00D1-404B-9701-A51AD626DDF6}.Release|Any CPU.Build.0 = Release|Any CPU
		{7724FB85-8FD8-4426-90A1-B163E5E42524}.Debug|Any CPU.ActiveCfg = Debug|Any CPU
		{7724FB85-8FD8-4426-90A1-B163E5E42524}.Debug|Any CPU.Build.0 = Debug|Any CPU
		{7724FB85-8FD8-4426-90A1-B163E5E42524}.Release|Any CPU.ActiveCfg = Release|Any CPU
		{7724FB85-8FD8-4426-90A1-B163E5E42524}.Release|Any CPU.Build.0 = Release|Any CPU
		{4259BE9E-7741-4EC5-AFA3-9D8F4195E92E}.Debug|Any CPU.ActiveCfg = Debug|Any CPU
		{4259BE9E-7741-4EC5-AFA3-9D8F4195E92E}.Debug|Any CPU.Build.0 = Debug|Any CPU
		{4259BE9E-7741-4EC5-AFA3-9D8F4195E92E}.Release|Any CPU.ActiveCfg = Release|Any CPU
		{4259BE9E-7741-4EC5-AFA3-9D8F4195E92E}.Release|Any CPU.Build.0 = Release|Any CPU
		{A4FD5800-4430-45E2-A9B6-0342EF7A5731}.Debug|Any CPU.ActiveCfg = Debug|Any CPU
		{A4FD5800-4430-45E2-A9B6-0342EF7A5731}.Debug|Any CPU.Build.0 = Debug|Any CPU
		{A4FD5800-4430-45E2-A9B6-0342EF7A5731}.Release|Any CPU.ActiveCfg = Release|Any CPU
		{A4FD5800-4430-45E2-A9B6-0342EF7A5731}.Release|Any CPU.Build.0 = Release|Any CPU
		{B7D6CA29-C273-43DF-9068-BF7A8859C4CD}.Debug|Any CPU.ActiveCfg = Debug|Any CPU
		{B7D6CA29-C273-43DF-9068-BF7A8859C4CD}.Debug|Any CPU.Build.0 = Debug|Any CPU
		{B7D6CA29-C273-43DF-9068-BF7A8859C4CD}.Release|Any CPU.ActiveCfg = Release|Any CPU
		{B7D6CA29-C273-43DF-9068-BF7A8859C4CD}.Release|Any CPU.Build.0 = Release|Any CPU
		{82E140E8-3A64-47B4-9195-0C3F23B4E66E}.Debug|Any CPU.ActiveCfg = Debug|Any CPU
		{82E140E8-3A64-47B4-9195-0C3F23B4E66E}.Debug|Any CPU.Build.0 = Debug|Any CPU
		{82E140E8-3A64-47B4-9195-0C3F23B4E66E}.Release|Any CPU.ActiveCfg = Release|Any CPU
		{82E140E8-3A64-47B4-9195-0C3F23B4E66E}.Release|Any CPU.Build.0 = Release|Any CPU
		{C5B3E966-E8A0-4868-9250-FD5F3911559B}.Debug|Any CPU.ActiveCfg = Debug|Any CPU
		{C5B3E966-E8A0-4868-9250-FD5F3911559B}.Debug|Any CPU.Build.0 = Debug|Any CPU
		{C5B3E966-E8A0-4868-9250-FD5F3911559B}.Release|Any CPU.ActiveCfg = Release|Any CPU
		{C5B3E966-E8A0-4868-9250-FD5F3911559B}.Release|Any CPU.Build.0 = Release|Any CPU
		{D065A115-4088-4F2B-B007-47695CE82905}.Debug|Any CPU.ActiveCfg = Debug|Any CPU
		{D065A115-4088-4F2B-B007-47695CE82905}.Debug|Any CPU.Build.0 = Debug|Any CPU
		{D065A115-4088-4F2B-B007-47695CE82905}.Release|Any CPU.ActiveCfg = Release|Any CPU
		{D065A115-4088-4F2B-B007-47695CE82905}.Release|Any CPU.Build.0 = Release|Any CPU
		{C8156226-444A-4AE1-A59C-C140FE43FC60}.Debug|Any CPU.ActiveCfg = Debug|Any CPU
		{C8156226-444A-4AE1-A59C-C140FE43FC60}.Debug|Any CPU.Build.0 = Debug|Any CPU
		{C8156226-444A-4AE1-A59C-C140FE43FC60}.Release|Any CPU.ActiveCfg = Release|Any CPU
		{C8156226-444A-4AE1-A59C-C140FE43FC60}.Release|Any CPU.Build.0 = Release|Any CPU
		{958695B3-4CCF-4D02-B6F3-6C1D3F688385}.Debug|Any CPU.ActiveCfg = Debug|Any CPU
		{958695B3-4CCF-4D02-B6F3-6C1D3F688385}.Debug|Any CPU.Build.0 = Debug|Any CPU
		{958695B3-4CCF-4D02-B6F3-6C1D3F688385}.Release|Any CPU.ActiveCfg = Release|Any CPU
		{958695B3-4CCF-4D02-B6F3-6C1D3F688385}.Release|Any CPU.Build.0 = Release|Any CPU
		{7634E6F9-CDB4-435C-9EBA-A39694E14586}.Debug|Any CPU.ActiveCfg = Debug|Any CPU
		{7634E6F9-CDB4-435C-9EBA-A39694E14586}.Debug|Any CPU.Build.0 = Debug|Any CPU
		{7634E6F9-CDB4-435C-9EBA-A39694E14586}.Release|Any CPU.ActiveCfg = Release|Any CPU
		{7634E6F9-CDB4-435C-9EBA-A39694E14586}.Release|Any CPU.Build.0 = Release|Any CPU
		{016174CD-2FD0-42AB-A856-CAC80508737A}.Debug|Any CPU.ActiveCfg = Debug|Any CPU
		{016174CD-2FD0-42AB-A856-CAC80508737A}.Debug|Any CPU.Build.0 = Debug|Any CPU
		{016174CD-2FD0-42AB-A856-CAC80508737A}.Release|Any CPU.ActiveCfg = Release|Any CPU
		{016174CD-2FD0-42AB-A856-CAC80508737A}.Release|Any CPU.Build.0 = Release|Any CPU
		{E8AF1C29-F9B3-49FA-81E3-7224F6A3C8CE}.Debug|Any CPU.ActiveCfg = Debug|Any CPU
		{E8AF1C29-F9B3-49FA-81E3-7224F6A3C8CE}.Debug|Any CPU.Build.0 = Debug|Any CPU
		{E8AF1C29-F9B3-49FA-81E3-7224F6A3C8CE}.Release|Any CPU.ActiveCfg = Release|Any CPU
		{E8AF1C29-F9B3-49FA-81E3-7224F6A3C8CE}.Release|Any CPU.Build.0 = Release|Any CPU
		{C5988339-8051-466C-95A5-E6AABDD6B60A}.Debug|Any CPU.ActiveCfg = Debug|Any CPU
		{C5988339-8051-466C-95A5-E6AABDD6B60A}.Debug|Any CPU.Build.0 = Debug|Any CPU
		{C5988339-8051-466C-95A5-E6AABDD6B60A}.Release|Any CPU.ActiveCfg = Release|Any CPU
		{C5988339-8051-466C-95A5-E6AABDD6B60A}.Release|Any CPU.Build.0 = Release|Any CPU
		{4936D4E8-581B-4E2E-99F9-B02458D3CC92}.Debug|Any CPU.ActiveCfg = Debug|Any CPU
		{4936D4E8-581B-4E2E-99F9-B02458D3CC92}.Debug|Any CPU.Build.0 = Debug|Any CPU
		{4936D4E8-581B-4E2E-99F9-B02458D3CC92}.Release|Any CPU.ActiveCfg = Release|Any CPU
		{4936D4E8-581B-4E2E-99F9-B02458D3CC92}.Release|Any CPU.Build.0 = Release|Any CPU
		{E11888DD-9489-4DC5-8815-1D35152EC63B}.Debug|Any CPU.ActiveCfg = Debug|Any CPU
		{E11888DD-9489-4DC5-8815-1D35152EC63B}.Debug|Any CPU.Build.0 = Debug|Any CPU
		{E11888DD-9489-4DC5-8815-1D35152EC63B}.Release|Any CPU.ActiveCfg = Release|Any CPU
		{E11888DD-9489-4DC5-8815-1D35152EC63B}.Release|Any CPU.Build.0 = Release|Any CPU
		{E0219A68-E4EF-4901-9CDA-26C18A1FB973}.Debug|Any CPU.ActiveCfg = Debug|Any CPU
		{E0219A68-E4EF-4901-9CDA-26C18A1FB973}.Debug|Any CPU.Build.0 = Debug|Any CPU
		{E0219A68-E4EF-4901-9CDA-26C18A1FB973}.Release|Any CPU.ActiveCfg = Release|Any CPU
		{E0219A68-E4EF-4901-9CDA-26C18A1FB973}.Release|Any CPU.Build.0 = Release|Any CPU
		{F10256D7-2120-4574-83D1-05C157AD34A9}.Debug|Any CPU.ActiveCfg = Debug|Any CPU
		{F10256D7-2120-4574-83D1-05C157AD34A9}.Debug|Any CPU.Build.0 = Debug|Any CPU
		{F10256D7-2120-4574-83D1-05C157AD34A9}.Release|Any CPU.ActiveCfg = Release|Any CPU
		{F10256D7-2120-4574-83D1-05C157AD34A9}.Release|Any CPU.Build.0 = Release|Any CPU
		{87CDDA5A-2B27-4126-A419-CCECAB0E5400}.Debug|Any CPU.ActiveCfg = Debug|Any CPU
		{87CDDA5A-2B27-4126-A419-CCECAB0E5400}.Debug|Any CPU.Build.0 = Debug|Any CPU
		{87CDDA5A-2B27-4126-A419-CCECAB0E5400}.Release|Any CPU.ActiveCfg = Release|Any CPU
		{87CDDA5A-2B27-4126-A419-CCECAB0E5400}.Release|Any CPU.Build.0 = Release|Any CPU
		{D3947D6A-8343-44D9-B303-00DF56E80564}.Debug|Any CPU.ActiveCfg = Debug|Any CPU
		{D3947D6A-8343-44D9-B303-00DF56E80564}.Debug|Any CPU.Build.0 = Debug|Any CPU
		{D3947D6A-8343-44D9-B303-00DF56E80564}.Release|Any CPU.ActiveCfg = Release|Any CPU
		{D3947D6A-8343-44D9-B303-00DF56E80564}.Release|Any CPU.Build.0 = Release|Any CPU
		{613C29C8-FC22-43D6-987F-8BC4EACD2F6C}.Debug|Any CPU.ActiveCfg = Debug|Any CPU
		{613C29C8-FC22-43D6-987F-8BC4EACD2F6C}.Debug|Any CPU.Build.0 = Debug|Any CPU
		{613C29C8-FC22-43D6-987F-8BC4EACD2F6C}.Release|Any CPU.ActiveCfg = Release|Any CPU
		{613C29C8-FC22-43D6-987F-8BC4EACD2F6C}.Release|Any CPU.Build.0 = Release|Any CPU
		{A30DA839-5F27-470B-896A-81FE3B08682B}.Debug|Any CPU.ActiveCfg = Debug|Any CPU
		{A30DA839-5F27-470B-896A-81FE3B08682B}.Debug|Any CPU.Build.0 = Debug|Any CPU
		{A30DA839-5F27-470B-896A-81FE3B08682B}.Release|Any CPU.ActiveCfg = Release|Any CPU
		{A30DA839-5F27-470B-896A-81FE3B08682B}.Release|Any CPU.Build.0 = Release|Any CPU
		{E7629707-C773-44BC-A0C0-B7790D5D7EF0}.Debug|Any CPU.ActiveCfg = Debug|Any CPU
		{E7629707-C773-44BC-A0C0-B7790D5D7EF0}.Debug|Any CPU.Build.0 = Debug|Any CPU
		{E7629707-C773-44BC-A0C0-B7790D5D7EF0}.Release|Any CPU.ActiveCfg = Release|Any CPU
		{E7629707-C773-44BC-A0C0-B7790D5D7EF0}.Release|Any CPU.Build.0 = Release|Any CPU
		{CCE0B107-64CD-429D-8B7B-6A3ED7D4827D}.Debug|Any CPU.ActiveCfg = Debug|Any CPU
		{CCE0B107-64CD-429D-8B7B-6A3ED7D4827D}.Debug|Any CPU.Build.0 = Debug|Any CPU
		{CCE0B107-64CD-429D-8B7B-6A3ED7D4827D}.Release|Any CPU.ActiveCfg = Release|Any CPU
		{CCE0B107-64CD-429D-8B7B-6A3ED7D4827D}.Release|Any CPU.Build.0 = Release|Any CPU
		{BEA7ABD7-03F7-4868-A4A6-76AC0BE7FCE8}.Debug|Any CPU.ActiveCfg = Debug|Any CPU
		{BEA7ABD7-03F7-4868-A4A6-76AC0BE7FCE8}.Debug|Any CPU.Build.0 = Debug|Any CPU
		{BEA7ABD7-03F7-4868-A4A6-76AC0BE7FCE8}.Release|Any CPU.ActiveCfg = Release|Any CPU
		{BEA7ABD7-03F7-4868-A4A6-76AC0BE7FCE8}.Release|Any CPU.Build.0 = Release|Any CPU
		{E5308273-2477-468C-A7B2-805E5CC6112E}.Debug|Any CPU.ActiveCfg = Debug|Any CPU
		{E5308273-2477-468C-A7B2-805E5CC6112E}.Debug|Any CPU.Build.0 = Debug|Any CPU
		{E5308273-2477-468C-A7B2-805E5CC6112E}.Release|Any CPU.ActiveCfg = Release|Any CPU
		{E5308273-2477-468C-A7B2-805E5CC6112E}.Release|Any CPU.Build.0 = Release|Any CPU
		{EE046B67-E355-4451-9C01-6D7C16CE7D40}.Debug|Any CPU.ActiveCfg = Debug|Any CPU
		{EE046B67-E355-4451-9C01-6D7C16CE7D40}.Debug|Any CPU.Build.0 = Debug|Any CPU
		{EE046B67-E355-4451-9C01-6D7C16CE7D40}.Release|Any CPU.ActiveCfg = Release|Any CPU
		{EE046B67-E355-4451-9C01-6D7C16CE7D40}.Release|Any CPU.Build.0 = Release|Any CPU
	EndGlobalSection
	GlobalSection(SolutionProperties) = preSolution
		HideSolutionNode = FALSE
	EndGlobalSection
	GlobalSection(NestedProjects) = preSolution
		{89E5DCA8-85A9-4B0E-ADE8-52BFB83C21EB} = {EC5D6DB6-4B6A-4582-806C-00693DDADD52}
		{0F71984F-AA87-4873-AB28-BCDDF561E719} = {EC5D6DB6-4B6A-4582-806C-00693DDADD52}
		{5D0316C8-85CE-4D68-B728-026F0B4A1A95} = {EC5D6DB6-4B6A-4582-806C-00693DDADD52}
		{F5C00D3B-2CEC-4176-A56E-BDB823DE4372} = {EC5D6DB6-4B6A-4582-806C-00693DDADD52}
		{28B7E05A-952B-4F4B-95AC-2C5D51179E44} = {1CBECF21-8687-4CCF-A202-7763F045D39C}
		{90D6214F-00D1-404B-9701-A51AD626DDF6} = {1CBECF21-8687-4CCF-A202-7763F045D39C}
		{7E7B7798-7FB2-4C4F-95EB-D95F75037897} = {1CBECF21-8687-4CCF-A202-7763F045D39C}
		{7724FB85-8FD8-4426-90A1-B163E5E42524} = {1CBECF21-8687-4CCF-A202-7763F045D39C}
		{A4FD5800-4430-45E2-A9B6-0342EF7A5731} = {F71E5B6F-BB76-4DDF-85D5-6545B79D9EAC}
		{B7D6CA29-C273-43DF-9068-BF7A8859C4CD} = {F71E5B6F-BB76-4DDF-85D5-6545B79D9EAC}
		{82E140E8-3A64-47B4-9195-0C3F23B4E66E} = {F71E5B6F-BB76-4DDF-85D5-6545B79D9EAC}
		{DD917B12-2EE8-468A-A8B1-B4E90F1EAA55} = {F71E5B6F-BB76-4DDF-85D5-6545B79D9EAC}
		{C5B3E966-E8A0-4868-9250-FD5F3911559B} = {F6ADD0C9-63F7-459E-A500-DBF17B4704BF}
		{D065A115-4088-4F2B-B007-47695CE82905} = {F6ADD0C9-63F7-459E-A500-DBF17B4704BF}
		{C8156226-444A-4AE1-A59C-C140FE43FC60} = {F6ADD0C9-63F7-459E-A500-DBF17B4704BF}
		{4CE56162-3464-4984-B275-BFCC638AC4C6} = {F6ADD0C9-63F7-459E-A500-DBF17B4704BF}
		{958695B3-4CCF-4D02-B6F3-6C1D3F688385} = {F6ADD0C9-63F7-459E-A500-DBF17B4704BF}
		{7634E6F9-CDB4-435C-9EBA-A39694E14586} = {8AD7860E-3569-4E35-A22F-0BF10D3B5AC1}
		{016174CD-2FD0-42AB-A856-CAC80508737A} = {8AD7860E-3569-4E35-A22F-0BF10D3B5AC1}
		{E8AF1C29-F9B3-49FA-81E3-7224F6A3C8CE} = {8AD7860E-3569-4E35-A22F-0BF10D3B5AC1}
		{3797D60F-DBFC-4DEF-8237-31E6439BD709} = {8AD7860E-3569-4E35-A22F-0BF10D3B5AC1}
		{4936D4E8-581B-4E2E-99F9-B02458D3CC92} = {DBAE41AF-7194-4BDE-AAAD-D70BFF85D773}
		{E11888DD-9489-4DC5-8815-1D35152EC63B} = {B1CC7E1B-EEB8-487C-99E4-D868F338A3F4}
		{E0219A68-E4EF-4901-9CDA-26C18A1FB973} = {A69923B3-A851-4533-8E36-AC5775B80C7C}
		{F10256D7-2120-4574-83D1-05C157AD34A9} = {A69923B3-A851-4533-8E36-AC5775B80C7C}
		{87CDDA5A-2B27-4126-A419-CCECAB0E5400} = {A69923B3-A851-4533-8E36-AC5775B80C7C}
		{07F0A201-1050-4FE7-936F-077BF08CDE50} = {A69923B3-A851-4533-8E36-AC5775B80C7C}
		{D3947D6A-8343-44D9-B303-00DF56E80564} = {FCE0168F-E491-48D3-A53D-1A432CC74426}
		{613C29C8-FC22-43D6-987F-8BC4EACD2F6C} = {7159C165-C7D7-4111-837A-28ACE9AD47F6}
		{A30DA839-5F27-470B-896A-81FE3B08682B} = {5CD04F1D-6C10-447D-824E-E004F87ABB5C}
		{E7629707-C773-44BC-A0C0-B7790D5D7EF0} = {4C7B5A4E-42C7-43C8-92EA-FC9DC8A3D522}
		{CCE0B107-64CD-429D-8B7B-6A3ED7D4827D} = {83DB7ED7-F0E9-4DF4-BBCF-34AA50446EFC}
		{BEA7ABD7-03F7-4868-A4A6-76AC0BE7FCE8} = {364727A3-7758-409A-94D2-E89ED783C760}
		{E5308273-2477-468C-A7B2-805E5CC6112E} = {4486CF17-9FF6-4FAF-8582-594ACCBA28E3}
		{EE046B67-E355-4451-9C01-6D7C16CE7D40} = {577C3E39-ED91-4BF4-B79F-EE12192DC1DC}
	EndGlobalSection
	GlobalSection(ExtensibilityGlobals) = postSolution
		SolutionGuid = {1BAFE0F2-83B0-4A48-B401-15E528FB9998}
	EndGlobalSection
	GlobalSection(TeamFoundationVersionControl) = preSolution
		SccNumberOfProjects = 43
		SccEnterpriseProvider = {4CA58AB2-18FA-4F8D-95D4-32DDF27D184C}
		SccTeamFoundationServer = http://aisueprd-flb002:8080/tfs/holyoke
		SccLocalPath0 = .
		SccProjectUniqueName1 = CADTechnologiesSource.All\\CADTechnologiesSource.All.shproj
		SccProjectName1 = CADTechnologiesSource.All
		SccLocalPath1 = CADTechnologiesSource.All
		SccProjectUniqueName2 = CADTechnologiesSource.UIResources\\CADTechnologiesSource.UIResources.csproj
		SccProjectName2 = CADTechnologiesSource.UIResources
		SccLocalPath2 = CADTechnologiesSource.UIResources
		SccProjectUniqueName3 = LayerComparison\\LayerComparison.2017\\LayerComparison.2017.csproj
		SccProjectTopLevelParentUniqueName3 = CADTechnologiesSource.sln
		SccProjectName3 = LayerComparison/LayerComparison.2017
		SccLocalPath3 = LayerComparison\\LayerComparison.2017
		SccProjectUniqueName4 = LayerComparison\\LayerComparison.AutoCAD\\LayerComparison.AutoCAD.shproj
		SccProjectTopLevelParentUniqueName4 = CADTechnologiesSource.sln
		SccProjectName4 = LayerComparison/LayerComparison.AutoCAD
		SccLocalPath4 = LayerComparison\\LayerComparison.AutoCAD
		SccProjectUniqueName5 = LayerComparison\\LayerComparison.Core\\LayerComparison.Core.csproj
		SccProjectTopLevelParentUniqueName5 = CADTechnologiesSource.sln
		SccProjectName5 = LayerComparison/LayerComparison.Core
		SccLocalPath5 = LayerComparison\\LayerComparison.Core
		SccProjectUniqueName6 = LayerComparison\\LayerComparison.UI\\LayerComparison.UI.csproj
		SccProjectTopLevelParentUniqueName6 = CADTechnologiesSource.sln
		SccProjectName6 = LayerComparison/LayerComparison.UI
		SccLocalPath6 = LayerComparison\\LayerComparison.UI
		SccProjectUniqueName7 = CADTechnologiesSource.All\\CADTechnologiesSource.All.projitems
		SccProjectTopLevelParentUniqueName7 = CADTechnologiesSource.All\\CADTechnologiesSource.All.shproj
		SccProjectName7 = CADTechnologiesSource.All
		SccLocalPath7 = CADTechnologiesSource.All
		SccProjectUniqueName8 = MLineBlockAttributeEditor\\MLineBlockAttributeEditor.2017\\MLineBlockAttributeEditor.2017.csproj
		SccProjectTopLevelParentUniqueName8 = CADTechnologiesSource.sln
		SccProjectName8 = MLineBlockAttributeEditor/MLineBlockAttributeEditor.2017
		SccLocalPath8 = MLineBlockAttributeEditor\\MLineBlockAttributeEditor.2017
		SccProjectUniqueName9 = MLineBlockAttributeEditor\\MLineBlockAttributeEditor.UI\\MLineBlockAttributeEditor.UI.csproj
		SccProjectTopLevelParentUniqueName9 = CADTechnologiesSource.sln
		SccProjectName9 = MLineBlockAttributeEditor/MLineBlockAttributeEditor.UI
		SccLocalPath9 = MLineBlockAttributeEditor\\MLineBlockAttributeEditor.UI
		SccProjectUniqueName10 = MLineBlockAttributeEditor\\MLineBlockAttributeEditor.AutoCAD\\MLineBlockAttributeEditor.AutoCAD.projitems
		SccProjectTopLevelParentUniqueName10 = CADTechnologiesSource.sln
		SccProjectName10 = MLineBlockAttributeEditor/MLineBlockAttributeEditor.AutoCAD
		SccLocalPath10 = MLineBlockAttributeEditor\\MLineBlockAttributeEditor.AutoCAD
		SccProjectUniqueName11 = MLineBlockAttributeEditor\\MLineBlockAttributeEditor.AutoCAD\\MLineBlockAttributeEditor.AutoCAD.shproj
		SccProjectTopLevelParentUniqueName11 = CADTechnologiesSource.sln
		SccProjectName11 = MLineBlockAttributeEditor/MLineBlockAttributeEditor.AutoCAD
		SccLocalPath11 = MLineBlockAttributeEditor\\MLineBlockAttributeEditor.AutoCAD
		SccProjectUniqueName12 = MLineBlockAttributeEditor\\MLineBlockAttributeEditor.Core\\MLineBlockAttributeEditor.Core.csproj
		SccProjectTopLevelParentUniqueName12 = CADTechnologiesSource.sln
		SccProjectName12 = MLineBlockAttributeEditor/MLineBlockAttributeEditor.Core
		SccLocalPath12 = MLineBlockAttributeEditor\\MLineBlockAttributeEditor.Core
		SccProjectUniqueName13 = ProjectSpecificPrograms\\ProjectSpecificPrograms\\ProjectSpecificPrograms.csproj
		SccProjectName13 = ProjectSpecificPrograms/ProjectSpecificPrograms
		SccLocalPath13 = ProjectSpecificPrograms\\ProjectSpecificPrograms
		SccProjectUniqueName14 = GFAR\\GFAR.Core\\GFAR.Core.csproj
		SccProjectTopLevelParentUniqueName14 = CADTechnologiesSource.sln
		SccProjectName14 = GFAR/GFAR.Core
		SccLocalPath14 = GFAR\\GFAR.Core
		SccProjectUniqueName15 = GFAR\\GFAR.2017\\GFAR.2017.csproj
		SccProjectTopLevelParentUniqueName15 = CADTechnologiesSource.sln
		SccProjectName15 = GFAR/GFAR.2017
		SccLocalPath15 = GFAR\\GFAR.2017
		SccProjectUniqueName16 = GFAR\\GFAR.UI\\GFAR.UI.csproj
		SccProjectTopLevelParentUniqueName16 = CADTechnologiesSource.sln
		SccProjectName16 = GFAR/GFAR.UI
		SccLocalPath16 = GFAR\\GFAR.UI
		SccProjectUniqueName17 = GFAR\\GFAR.AutoCAD\\GFAR.AutoCAD.projitems
		SccProjectTopLevelParentUniqueName17 = CADTechnologiesSource.sln
		SccProjectName17 = GFAR/GFAR.AutoCAD
		SccLocalPath17 = GFAR\\GFAR.AutoCAD
		SccProjectUniqueName18 = GFAR\\GFAR.AutoCAD\\GFAR.AutoCAD.shproj
		SccProjectTopLevelParentUniqueName18 = CADTechnologiesSource.sln
		SccProjectName18 = GFAR/GFAR.AutoCAD
		SccLocalPath18 = GFAR\\GFAR.AutoCAD
		SccProjectUniqueName19 = BlockManager\\BlockManager.2017\\BlockManager.2017.csproj
		SccProjectTopLevelParentUniqueName19 = CADTechnologiesSource.sln
		SccProjectName19 = BlockManager/BlockManager.2017
		SccLocalPath19 = BlockManager\\BlockManager.2017
		SccProjectUniqueName20 = BlockManager\\BlockManager.UI\\BlockManager.UI.csproj
		SccProjectTopLevelParentUniqueName20 = CADTechnologiesSource.sln
		SccProjectName20 = BlockManager/BlockManager.UI
		SccLocalPath20 = BlockManager\\BlockManager.UI
		SccProjectUniqueName21 = BlockManager\\BlockManager.Core\\BlockManager.Core.csproj
		SccProjectTopLevelParentUniqueName21 = CADTechnologiesSource.sln
		SccProjectName21 = BlockManager/BlockManager.Core
		SccLocalPath21 = BlockManager\\BlockManager.Core
		SccProjectUniqueName22 = BlockManager\\BlockManager.AutoCAD\\BlockManager.AutoCAD.shproj
		SccProjectTopLevelParentUniqueName22 = CADTechnologiesSource.sln
		SccProjectName22 = BlockManager/BlockManager.AutoCAD
		SccLocalPath22 = BlockManager\\BlockManager.AutoCAD
		SccProjectUniqueName23 = BlockManager\\BlockManagerTest.UI\\BlockManagerTest.UI.csproj
		SccProjectTopLevelParentUniqueName23 = CADTechnologiesSource.sln
		SccProjectName23 = BlockManager/BlockManagerTest.UI
		SccLocalPath23 = BlockManager\\BlockManagerTest.UI
		SccProjectUniqueName24 = Civil3DTools\\Civil3DTools.csproj
		SccProjectName24 = Civil3DTools
		SccLocalPath24 = Civil3DTools
		SccProjectUniqueName25 = LinetypeBuilder\\LineTypeBuilderCAD\\LineTypeBuilderCAD.csproj
		SccProjectTopLevelParentUniqueName25 = CADTechnologiesSource.sln
		SccProjectName25 = LinetypeBuilder/LineTypeBuilderCAD
		SccLocalPath25 = LinetypeBuilder\\LineTypeBuilderCAD
		SccProjectUniqueName26 = TagDupeFix\\TagDupeFIx.2017\\TagDupeFIx.2017.csproj
		SccProjectTopLevelParentUniqueName26 = CADTechnologiesSource.sln
		SccProjectName26 = TagDupeFix/TagDupeFIx.2017
		SccLocalPath26 = TagDupeFix\\TagDupeFIx.2017
		SccProjectUniqueName27 = TagDupeFix\\TagDupeFix.UI\\TagDupeFix.UI.csproj
		SccProjectTopLevelParentUniqueName27 = CADTechnologiesSource.sln
		SccProjectName27 = TagDupeFix/TagDupeFix.UI
		SccLocalPath27 = TagDupeFix\\TagDupeFix.UI
		SccProjectUniqueName28 = TagDupeFix\\TagDupeFix.Core\\TagDupeFix.Core.csproj
		SccProjectTopLevelParentUniqueName28 = CADTechnologiesSource.sln
		SccProjectName28 = TagDupeFix/TagDupeFix.Core
		SccLocalPath28 = TagDupeFix\\TagDupeFix.Core
		SccProjectUniqueName29 = TagDupeFix\\TagDupeFix.AutoCAD\\TagDupeFix.AutoCAD.projitems
		SccProjectTopLevelParentUniqueName29 = CADTechnologiesSource.sln
		SccProjectName29 = TagDupeFix/TagDupeFix.AutoCAD
		SccLocalPath29 = TagDupeFix\\TagDupeFix.AutoCAD
		SccProjectUniqueName30 = TagDupeFix\\TagDupeFix.AutoCAD\\TagDupeFix.AutoCAD.shproj
		SccProjectTopLevelParentUniqueName30 = CADTechnologiesSource.sln
		SccProjectName30 = TagDupeFix/TagDupeFix.AutoCAD
		SccLocalPath30 = TagDupeFix\\TagDupeFix.AutoCAD
		SccProjectUniqueName31 = FastAtt\\FastAtt\\FastAtt.csproj
		SccProjectTopLevelParentUniqueName31 = CADTechnologiesSource.sln
		SccProjectName31 = FastAtt/FastAtt
		SccLocalPath31 = FastAtt\\FastAtt
		SccProjectUniqueName32 = LayerComparison\\LayerComparison.AutoCAD\\LayerComparison.AutoCAD.projitems
		SccProjectTopLevelParentUniqueName32 = CADTechnologiesSource.sln
		SccProjectName32 = LayerComparison/LayerComparison.AutoCAD
		SccLocalPath32 = LayerComparison\\LayerComparison.AutoCAD
		SccProjectUniqueName33 = BoreHoleBuilder\\BoreExcavationBuilder.csproj
		SccProjectTopLevelParentUniqueName33 = CADTechnologiesSource.sln
		SccProjectName33 = BoreHoleBuilder
		SccLocalPath33 = BoreHoleBuilder
		SccProjectUniqueName34 = AttributeFinder\\AttributeFinder\\AttributeFinder.csproj
		SccProjectTopLevelParentUniqueName34 = CADTechnologiesSource.sln
		SccProjectName34 = AttributeFinder/AttributeFinder
		SccLocalPath34 = AttributeFinder\\AttributeFinder
		SccProjectUniqueName35 = FolderForFiles\\FolderForFiles\\FolderForFiles.csproj
		SccProjectTopLevelParentUniqueName35 = CADTechnologiesSource.sln
		SccProjectName35 = FolderForFiles/FolderForFiles
		SccLocalPath35 = FolderForFiles\\FolderForFiles
		SccProjectUniqueName36 = BlockDeleter\\BlockDeleter\\BlockDeleter.csproj
		SccProjectTopLevelParentUniqueName36 = CADTechnologiesSource.sln
		SccProjectName36 = BlockDeleter/BlockDeleter
		SccLocalPath36 = BlockDeleter\\BlockDeleter
		SccProjectUniqueName37 = LayerManager\\LayerManager\\LayerManager.csproj
		SccProjectTopLevelParentUniqueName37 = CADTechnologiesSource.sln
		SccProjectName37 = LayerManager/LayerManager
		SccLocalPath37 = LayerManager\\LayerManager
		SccProjectUniqueName38 = PlanBuilder\\PlanBuilder.AutoCAD\\PlanBuilder.AutoCAD.projitems
		SccProjectTopLevelParentUniqueName38 = CADTechnologiesSource.sln
		SccProjectName38 = PlanBuilder/PlanBuilder.AutoCAD
		SccLocalPath38 = PlanBuilder\\PlanBuilder.AutoCAD
		SccProjectUniqueName39 = BlockManager\\BlockManager.AutoCAD\\BlockManager.AutoCAD.projitems
		SccProjectTopLevelParentUniqueName39 = CADTechnologiesSource.sln
		SccProjectName39 = BlockManager/BlockManager.AutoCAD
		SccLocalPath39 = BlockManager\\BlockManager.AutoCAD
		SccProjectUniqueName40 = SystemVariableSetter\\SytemVariableSetter\\SystemVariableSetter.csproj
		SccProjectTopLevelParentUniqueName40 = CADTechnologiesSource.sln
		SccProjectName40 = SystemVariableSetter/SytemVariableSetter
		SccLocalPath40 = SystemVariableSetter\\SytemVariableSetter
		SccProjectUniqueName41 = BlockReplacer.2017\\BlockInserter.csproj
		SccProjectTopLevelParentUniqueName41 = CADTechnologiesSource.sln
		SccProjectName41 = BlockReplacer.2017
		SccLocalPath41 = BlockReplacer.2017
		SccProjectUniqueName42 = WorkspaceTool\\WorkspaceTool\\WorkspaceTool.csproj
		SccProjectTopLevelParentUniqueName42 = CADTechnologiesSource.sln
		SccProjectName42 = WorkspaceTool/WorkspaceTool
		SccLocalPath42 = WorkspaceTool\\WorkspaceTool
	EndGlobalSection
EndGlobal
