
Microsoft Visual Studio Solution File, Format Version 12.00
# Visual Studio 2012
Project("{FAE04EC0-301F-11D3-BF4B-00C04F79EFBC}") = "Workspace_band_Csharp", "Workspace_band_Csharp.csproj", "{A460CB2D-2E00-4A98-A248-57991E1558C6}"
EndProject
Global
	GlobalSection(TeamFoundationVersionControl) = preSolution
		SccNumberOfProjects = 1
		SccEnterpriseProvider = {4CA58AB2-18FA-4F8D-95D4-32DDF27D184C}
		SccTeamFoundationServer = http://usewrvmaisfou1:8080/tfs/holyoke
		SccProjectUniqueName0 = Workspace_band_Csharp.csproj
		SccProjectName0 = .
		SccAuxPath0 = http://usewrvmaisfou1:8080/tfs/holyoke
		SccLocalPath0 = .
		SccProvider0 = {4CA58AB2-18FA-4F8D-95D4-32DDF27D184C}
	EndGlobalSection
	GlobalSection(SolutionConfigurationPlatforms) = preSolution
		Debug|Any CPU = Debug|Any CPU
		Release|Any CPU = Release|Any CPU
	EndGlobalSection
	GlobalSection(ProjectConfigurationPlatforms) = postSolution
		{A460CB2D-2E00-4A98-A248-57991E1558C6}.Debug|Any CPU.ActiveCfg = Debug|Any CPU
		{A460CB2D-2E00-4A98-A248-57991E1558C6}.Debug|Any CPU.Build.0 = Debug|Any CPU
		{A460CB2D-2E00-4A98-A248-57991E1558C6}.Release|Any CPU.ActiveCfg = Release|Any CPU
		{A460CB2D-2E00-4A98-A248-57991E1558C6}.Release|Any CPU.Build.0 = Release|Any CPU
	EndGlobalSection
	GlobalSection(SolutionProperties) = preSolution
		HideSolutionNode = FALSE
	EndGlobalSection
EndGlobal
